
Microsoft Visual Studio Solution File, Format Version 12.00
# Visual Studio Version 17
VisualStudioVersion = 17.6.33829.357
MinimumVisualStudioVersion = 10.0.40219.1
Project("{8BC9CEB8-8B4A-11D0-8D11-00A0C91BC942}") = "one_button_platformer", "one_button_platformer\one_button_platformer.vcxproj", "{F5B6CE96-0649-471D-ACFF-AB2E09EF80EF}"
EndProject
Global
	GlobalSection(SolutionConfigurationPlatforms) = preSolution
		Debug|x64 = Debug|x64
		Debug|x86 = Debug|x86
		Release|x64 = Release|x64
		Release|x86 = Release|x86
	EndGlobalSection
	GlobalSection(ProjectConfigurationPlatforms) = postSolution
		{F5B6CE96-0649-471D-ACFF-AB2E09EF80EF}.Debug|x64.ActiveCfg = Debug|x64
		{F5B6CE96-0649-471D-ACFF-AB2E09EF80EF}.Debug|x64.Build.0 = Debug|x64
		{F5B6CE96-0649-471D-ACFF-AB2E09EF80EF}.Debug|x86.ActiveCfg = Debug|Win32
		{F5B6CE96-0649-471D-ACFF-AB2E09EF80EF}.Debug|x86.Build.0 = Debug|Win32
		{F5B6CE96-0649-471D-ACFF-AB2E09EF80EF}.Release|x64.ActiveCfg = Release|x64
		{F5B6CE96-0649-471D-ACFF-AB2E09EF80EF}.Release|x64.Build.0 = Release|x64
		{F5B6CE96-0649-471D-ACFF-AB2E09EF80EF}.Release|x86.ActiveCfg = Release|Win32
		{F5B6CE96-0649-471D-ACFF-AB2E09EF80EF}.Release|x86.Build.0 = Release|Win32
	EndGlobalSection
	GlobalSection(SolutionProperties) = preSolution
		HideSolutionNode = FALSE
	EndGlobalSection
	GlobalSection(ExtensibilityGlobals) = postSolution
		SolutionGuid = {FBB595C0-B174-4FAE-9BFE-3A7668781F0D}
	EndGlobalSection
EndGlobal
